// !$*UTF8*$!
{
	archiveVersion = 1;
	classes = {
	};
	objectVersion = 46;
	objects = {

/* Begin PBXBuildFile section */
		182A5A991F3DF3CD00ACDD6A /* AppDelegate.swift in Sources */ = {isa = PBXBuildFile; fileRef = 182A5A981F3DF3CD00ACDD6A /* AppDelegate.swift */; };
		182A5A9B1F3DF3CD00ACDD6A /* ViewController.swift in Sources */ = {isa = PBXBuildFile; fileRef = 182A5A9A1F3DF3CD00ACDD6A /* ViewController.swift */; };
		182A5A9E1F3DF3CD00ACDD6A /* Main.storyboard in Resources */ = {isa = PBXBuildFile; fileRef = 182A5A9C1F3DF3CD00ACDD6A /* Main.storyboard */; };
		182A5AA01F3DF3CD00ACDD6A /* Assets.xcassets in Resources */ = {isa = PBXBuildFile; fileRef = 182A5A9F1F3DF3CD00ACDD6A /* Assets.xcassets */; };
		182A5AA31F3DF3CD00ACDD6A /* LaunchScreen.storyboard in Resources */ = {isa = PBXBuildFile; fileRef = 182A5AA11F3DF3CD00ACDD6A /* LaunchScreen.storyboard */; };
/* End PBXBuildFile section */

/* Begin PBXFileReference section */
		182A5A951F3DF3CD00ACDD6A /* MiraclePill.app */ = {isa = PBXFileReference; explicitFileType = wrapper.application; includeInIndex = 0; path = MiraclePill.app; sourceTree = BUILT_PRODUCTS_DIR; };
		182A5A981F3DF3CD00ACDD6A /* AppDelegate.swift */ = {isa = PBXFileReference; lastKnownFileType = sourcecode.swift; path = AppDelegate.swift; sourceTree = "<group>"; };
		182A5A9A1F3DF3CD00ACDD6A /* ViewController.swift */ = {isa = PBXFileReference; lastKnownFileType = sourcecode.swift; path = ViewController.swift; sourceTree = "<group>"; };
		182A5A9D1F3DF3CD00ACDD6A /* Base */ = {isa = PBXFileReference; lastKnownFileType = file.storyboard; name = Base; path = Base.lproj/Main.storyboard; sourceTree = "<group>"; };
		182A5A9F1F3DF3CD00ACDD6A /* Assets.xcassets */ = {isa = PBXFileReference; lastKnownFileType = folder.assetcatalog; path = Assets.xcassets; sourceTree = "<group>"; };
		182A5AA21F3DF3CD00ACDD6A /* Base */ = {isa = PBXFileReference; lastKnownFileType = file.storyboard; name = Base; path = Base.lproj/LaunchScreen.storyboard; sourceTree = "<group>"; };
		182A5AA41F3DF3CD00ACDD6A /* Info.plist */ = {isa = PBXFileReference; lastKnownFileType = text.plist.xml; path = Info.plist; sourceTree = "<group>"; };
/* End PBXFileReference section */

/* Begin PBXFrameworksBuildPhase section */
		182A5A921F3DF3CD00ACDD6A /* Frameworks */ = {
			isa = PBXFrameworksBuildPhase;
			buildActionMask = 2147483647;
			files = (
			);
			runOnlyForDeploymentPostprocessing = 0;
		};
/* End PBXFrameworksBuildPhase section */

/* Begin PBXGroup section */
		182A5A8C1F3DF3CD00ACDD6A = {
			isa = PBXGroup;
			children = (
				182A5A971F3DF3CD00ACDD6A /* MiraclePill */,
				182A5A961F3DF3CD00ACDD6A /* Products */,
			);
			sourceTree = "<group>";
		};
		182A5A961F3DF3CD00ACDD6A /* Products */ = {
			isa = PBXGroup;
			children = (
				182A5A951F3DF3CD00ACDD6A /* MiraclePill.app */,
			);
			name = Products;
			sourceTree = "<group>";
		};
		182A5A971F3DF3CD00ACDD6A /* MiraclePill */ = {
			isa = PBXGroup;
			children = (
				182A5A981F3DF3CD00ACDD6A /* AppDelegate.swift */,
				182A5A9A1F3DF3CD00ACDD6A /* ViewController.swift */,
				182A5A9C1F3DF3CD00ACDD6A /* Main.storyboard */,
				182A5A9F1F3DF3CD00ACDD6A /* Assets.xcassets */,
				182A5AA11F3DF3CD00ACDD6A /* LaunchScreen.storyboard */,
				182A5AA41F3DF3CD00ACDD6A /* Info.plist */,
			);
			path = MiraclePill;
			sourceTree = "<group>";
		};
/* End PBXGroup section */

/* Begin PBXNativeTarget section */
		182A5A941F3DF3CD00ACDD6A /* MiraclePill */ = {
			isa = PBXNativeTarget;
			buildConfigurationList = 182A5AA71F3DF3CD00ACDD6A /* Build configuration list for PBXNativeTarget "MiraclePill" */;
			buildPhases = (
				182A5A911F3DF3CD00ACDD6A /* Sources */,
				182A5A921F3DF3CD00ACDD6A /* Frameworks */,
				182A5A931F3DF3CD00ACDD6A /* Resources */,
			);
			buildRules = (
			);
			dependencies = (
			);
			name = MiraclePill;
			productName = MiraclePill;
			productReference = 182A5A951F3DF3CD00ACDD6A /* MiraclePill.app */;
			productType = "com.apple.product-type.application";
		};
/* End PBXNativeTarget section */

/* Begin PBXProject section */
		182A5A8D1F3DF3CD00ACDD6A /* Project object */ = {
			isa = PBXProject;
			attributes = {
				LastSwiftUpdateCheck = 0830;
				LastUpgradeCheck = 0830;
				ORGANIZATIONNAME = "kenneth schwabenton";
				TargetAttributes = {
					182A5A941F3DF3CD00ACDD6A = {
						CreatedOnToolsVersion = 8.3.3;
						DevelopmentTeam = 74HC962C5Q;
						ProvisioningStyle = Automatic;
					};
				};
			};
			buildConfigurationList = 182A5A901F3DF3CD00ACDD6A /* Build configuration list for PBXProject "MiraclePill" */;
			compatibilityVersion = "Xcode 3.2";
			developmentRegion = English;
			hasScannedForEncodings = 0;
			knownRegions = (
				en,
				Base,
			);
			mainGroup = 182A5A8C1F3DF3CD00ACDD6A;
			productRefGroup = 182A5A961F3DF3CD00ACDD6A /* Products */;
			projectDirPath = "";
			projectRoot = "";
			targets = (
				182A5A941F3DF3CD00ACDD6A /* MiraclePill */,
			);
		};
/* End PBXProject section */

/* Begin PBXResourcesBuildPhase section */
		182A5A931F3DF3CD00ACDD6A /* Resources */ = {
			isa = PBXResourcesBuildPhase;
			buildActionMask = 2147483647;
			files = (
				182A5AA31F3DF3CD00ACDD6A /* LaunchScreen.storyboard in Resources */,
				182A5AA01F3DF3CD00ACDD6A /* Assets.xcassets in Resources */,
				182A5A9E1F3DF3CD00ACDD6A /* Main.storyboard in Resources */,
			);
			runOnlyForDeploymentPostprocessing = 0;
		};
/* End PBXResourcesBuildPhase section */

/* Begin PBXSourcesBuildPhase section */
		182A5A911F3DF3CD00ACDD6A /* Sources */ = {
			isa = PBXSourcesBuildPhase;
			buildActionMask = 2147483647;
			files = (
				182A5A9B1F3DF3CD00ACDD6A /* ViewController.swift in Sources */,
				182A5A991F3DF3CD00ACDD6A /* AppDelegate.swift in Sources */,
			);
			runOnlyForDeploymentPostprocessing = 0;
		};
/* End PBXSourcesBuildPhase section */

/* Begin PBXVariantGroup section */
		182A5A9C1F3DF3CD00ACDD6A /* Main.storyboard */ = {
			isa = PBXVariantGroup;
			children = (
				182A5A9D1F3DF3CD00ACDD6A /* Base */,
			);
			name = Main.storyboard;
			sourceTree = "<group>";
		};
		182A5AA11F3DF3CD00ACDD6A /* LaunchScreen.storyboard */ = {
			isa = PBXVariantGroup;
			children = (
				182A5AA21F3DF3CD00ACDD6A /* Base */,
			);
			name = LaunchScreen.storyboard;
			sourceTree = "<group>";
		};
/* End PBXVariantGroup section */

/* Begin XCBuildConfiguration section */
		182A5AA51F3DF3CD00ACDD6A /* Debug */ = {
			isa = XCBuildConfiguration;
			buildSettings = {
				ALWAYS_SEARCH_USER_PATHS = NO;
				CLANG_ANALYZER_NONNULL = YES;
				CLANG_ANALYZER_NUMBER_OBJECT_CONVERSION = YES_AGGRESSIVE;
				CLANG_CXX_LANGUAGE_STANDARD = "gnu++0x";
				CLANG_CXX_LIBRARY = "libc++";
				CLANG_ENABLE_MODULES = YES;
				CLANG_ENABLE_OBJC_ARC = YES;
				CLANG_WARN_BOOL_CONVERSION = YES;
				CLANG_WARN_CONSTANT_CONVERSION = YES;
				CLANG_WARN_DIRECT_OBJC_ISA_USAGE = YES_ERROR;
				CLANG_WARN_DOCUMENTATION_COMMENTS = YES;
				CLANG_WARN_EMPTY_BODY = YES;
				CLANG_WARN_ENUM_CONVERSION = YES;
				CLANG_WARN_INFINITE_RECURSION = YES;
				CLANG_WARN_INT_CONVERSION = YES;
				CLANG_WARN_OBJC_ROOT_CLASS = YES_ERROR;
				CLANG_WARN_SUSPICIOUS_MOVE = YES;
				CLANG_WARN_UNREACHABLE_CODE = YES;
				CLANG_WARN__DUPLICATE_METHOD_MATCH = YES;
				"CODE_SIGN_IDENTITY[sdk=iphoneos*]" = "iPhone Developer";
				COPY_PHASE_STRIP = NO;
				DEBUG_INFORMATION_FORMAT = dwarf;
				ENABLE_STRICT_OBJC_MSGSEND = YES;
				ENABLE_TESTABILITY = YES;
				GCC_C_LANGUAGE_STANDARD = gnu99;
				GCC_DYNAMIC_NO_PIC = NO;
				GCC_NO_COMMON_BLOCKS = YES;
				GCC_OPTIMIZATION_LEVEL = 0;
				GCC_PREPROCESSOR_DEFINITIONS = (
					"DEBUG=1",
					"$(inherited)",
				);
				GCC_WARN_64_TO_32_BIT_CONVERSION = YES;
				GCC_WARN_ABOUT_RETURN_TYPE = YES_ERROR;
				GCC_WARN_UNDECLARED_SELECTOR = YES;
				GCC_WARN_UNINITIALIZED_AUTOS = YES_AGGRESSIVE;
				GCC_WARN_UNUSED_FUNCTION = YES;
				GCC_WARN_UNUSED_VARIABLE = YES;
				IPHONEOS_DEPLOYMENT_TARGET = 10.3;
				MTL_ENABLE_DEBUG_INFO = YES;
				ONLY_ACTIVE_ARCH = YES;
				SDKROOT = iphoneos;
				SWIFT_ACTIVE_COMPILATION_CONDITIONS = DEBUG;
				SWIFT_OPTIMIZATION_LEVEL = "-Onone";
				TARGETED_DEVICE_FAMILY = "1,2";
			};
			name = Debug;
		};
		182A5AA61F3DF3CD00ACDD6A /* Release */ = {
			isa = XCBuildConfiguration;
			buildSettings = {
				ALWAYS_SEARCH_USER_PATHS = NO;
				CLANG_ANALYZER_NONNULL = YES;
				CLANG_ANALYZER_NUMBER_OBJECT_CONVERSION = YES_AGGRESSIVE;
				CLANG_CXX_LANGUAGE_STANDARD = "gnu++0x";
				CLANG_CXX_LIBRARY = "libc++";
				CLANG_ENABLE_MODULES = YES;
				CLANG_ENABLE_OBJC_ARC = YES;
				CLANG_WARN_BOOL_CONVERSION = YES;
				CLANG_WARN_CONSTANT_CONVERSION = YES;
				CLANG_WARN_DIRECT_OBJC_ISA_USAGE = YES_ERROR;
				CLANG_WARN_DOCUMENTATION_COMMENTS = YES;
				CLANG_WARN_EMPTY_BODY = YES;
				CLANG_WARN_ENUM_CONVERSION = YES;
				CLANG_WARN_INFINITE_RECURSION = YES;
				CLANG_WARN_INT_CONVERSION = YES;
				CLANG_WARN_OBJC_ROOT_CLASS = YES_ERROR;
				CLANG_WARN_SUSPICIOUS_MOVE = YES;
				CLANG_WARN_UNREACHABLE_CODE = YES;
				CLANG_WARN__DUPLICATE_METHOD_MATCH = YES;
				"CODE_SIGN_IDENTITY[sdk=iphoneos*]" = "iPhone Developer";
				COPY_PHASE_STRIP = NO;
				DEBUG_INFORMATION_FORMAT = "dwarf-with-dsym";
				ENABLE_NS_ASSERTIONS = NO;
				ENABLE_STRICT_OBJC_MSGSEND = YES;
				GCC_C_LANGUAGE_STANDARD = gnu99;
				GCC_NO_COMMON_BLOCKS = YES;
				GCC_WARN_64_TO_32_BIT_CONVERSION = YES;
				GCC_WARN_ABOUT_RETURN_TYPE = YES_ERROR;
				GCC_WARN_UNDECLARED_SELECTOR = YES;
				GCC_WARN_UNINITIALIZED_AUTOS = YES_AGGRESSIVE;
				GCC_WARN_UNUSED_FUNCTION = YES;
				GCC_WARN_UNUSED_VARIABLE = YES;
				IPHONEOS_DEPLOYMENT_TARGET = 10.3;
				MTL_ENABLE_DEBUG_INFO = NO;
				SDKROOT = iphoneos;
				SWIFT_OPTIMIZATION_LEVEL = "-Owholemodule";
				TARGETED_DEVICE_FAMILY = "1,2";
				VALIDATE_PRODUCT = YES;
			};
			name = Release;
		};
		182A5AA81F3DF3CD00ACDD6A /* Debug */ = {
			isa = XCBuildConfiguration;
			buildSettings = {
				ASSETCATALOG_COMPILER_APPICON_NAME = AppIcon;
				DEVELOPMENT_TEAM = 74HC962C5Q;
				INFOPLIST_FILE = MiraclePill/Info.plist;
				LD_RUNPATH_SEARCH_PATHS = "$(inherited) @executable_path/Frameworks";
				PRODUCT_BUNDLE_IDENTIFIER = kschwabenton.MiraclePill;
				PRODUCT_NAME = "$(TARGET_NAME)";
				SWIFT_VERSION = 3.0;
			};
			name = Debug;
		};
		182A5AA91F3DF3CD00ACDD6A /* Release */ = {
			isa = XCBuildConfiguration;
			buildSettings = {
				ASSETCATALOG_COMPILER_APPICON_NAME = AppIcon;
				DEVELOPMENT_TEAM = 74HC962C5Q;
				INFOPLIST_FILE = MiraclePill/Info.plist;
				LD_RUNPATH_SEARCH_PATHS = "$(inherited) @executable_path/Frameworks";
				PRODUCT_BUNDLE_IDENTIFIER = kschwabenton.MiraclePill;
				PRODUCT_NAME = "$(TARGET_NAME)";
				SWIFT_VERSION = 3.0;
			};
			name = Release;
		};
/* End XCBuildConfiguration section */

/* Begin XCConfigurationList section */
		182A5A901F3DF3CD00ACDD6A /* Build configuration list for PBXProject "MiraclePill" */ = {
			isa = XCConfigurationList;
			buildConfigurations = (
				182A5AA51F3DF3CD00ACDD6A /* Debug */,
				182A5AA61F3DF3CD00ACDD6A /* Release */,
			);
			defaultConfigurationIsVisible = 0;
			defaultConfigurationName = Release;
		};
		182A5AA71F3DF3CD00ACDD6A /* Build configuration list for PBXNativeTarget "MiraclePill" */ = {
			isa = XCConfigurationList;
			buildConfigurations = (
				182A5AA81F3DF3CD00ACDD6A /* Debug */,
				182A5AA91F3DF3CD00ACDD6A /* Release */,
			);
			defaultConfigurationIsVisible = 0;
		};
/* End XCConfigurationList section */
	};
	rootObject = 182A5A8D1F3DF3CD00ACDD6A /* Project object */;
}
